
Microsoft Visual Studio Solution File, Format Version 12.00
# Visual Studio Version 17
VisualStudioVersion = 17.9.34616.47
MinimumVisualStudioVersion = 10.0.40219.1
Project("{85590779-4BE4-4E31-880E-02768BA6C388}") = "Internal-Cheat-ImGui", "Internal Cheat\Internal-Cheat-ImGui.vcxproj", "{469FEA76-41B2-4878-89E8-ECECBDE61D5F}"
EndProject
Global
	GlobalSection(SolutionConfigurationPlatforms) = preSolution
		Debug|x64 = Debug|x64
		Debug|x86 = Debug|x86
		Release|x64 = Release|x64
		Release|x86 = Release|x86
	EndGlobalSection
	GlobalSection(ProjectConfigurationPlatforms) = postSolution
		{469FEA76-41B2-4878-89E8-ECECBDE61D5F}.Debug|x64.ActiveCfg = Debug|x64
		{469FEA76-41B2-4878-89E8-ECECBDE61D5F}.Debug|x64.Build.0 = Debug|x64
		{469FEA76-41B2-4878-89E8-ECECBDE61D5F}.Debug|x86.ActiveCfg = Debug|Win32
		{469FEA76-41B2-4878-89E8-ECECBDE61D5F}.Debug|x86.Build.0 = Debug|Win32
		{469FEA76-41B2-4878-89E8-ECECBDE61D5F}.Release|x64.ActiveCfg = Release|x64
		{469FEA76-41B2-4878-89E8-ECECBDE61D5F}.Release|x64.Build.0 = Release|x64
		{469FEA76-41B2-4878-89E8-ECECBDE61D5F}.Release|x86.ActiveCfg = Release|Win32
		{469FEA76-41B2-4878-89E8-ECECBDE61D5F}.Release|x86.Build.0 = Release|Win32
	EndGlobalSection
	GlobalSection(SolutionProperties) = preSolution
		HideSolutionNode = FALSE
	EndGlobalSection
	GlobalSection(ExtensibilityGlobals) = postSolution
		SolutionGuid = {0C915FAA-2586-49B0-A630-587CABAAE5EE}
	EndGlobalSection
EndGlobal
